
Microsoft Visual Studio Solution File, Format Version 12.00
# Visual Studio Version 17
VisualStudioVersion = 17.11.35222.181
MinimumVisualStudioVersion = 10.0.40219.1
Project("{9A19103F-16F7-4668-BE54-9A1E7A4F7556}") = "euromelanoma_api", "euromelanoma_api\euromelanoma_api.csproj", "{BB64A3E5-E3FD-409D-A4F0-E6CDC32B39B4}"
EndProject
Project("{2150E333-8FDC-42A3-9474-1A3956D46DE8}") = "Solution Items", "Solution Items", "{915C2A86-C07F-4FD0-9F7A-50FD00994D5E}"
	ProjectSection(SolutionItems) = preProject
		.editorconfig = .editorconfig
	EndProjectSection
EndProject
Global
	GlobalSection(SolutionConfigurationPlatforms) = preSolution
		Debug|Any CPU = Debug|Any CPU
		Release|Any CPU = Release|Any CPU
	EndGlobalSection
	GlobalSection(ProjectConfigurationPlatforms) = postSolution
		{BB64A3E5-E3FD-409D-A4F0-E6CDC32B39B4}.Debug|Any CPU.ActiveCfg = Debug|Any CPU
		{BB64A3E5-E3FD-409D-A4F0-E6CDC32B39B4}.Debug|Any CPU.Build.0 = Debug|Any CPU
		{BB64A3E5-E3FD-409D-A4F0-E6CDC32B39B4}.Release|Any CPU.ActiveCfg = Release|Any CPU
		{BB64A3E5-E3FD-409D-A4F0-E6CDC32B39B4}.Release|Any CPU.Build.0 = Release|Any CPU
	EndGlobalSection
	GlobalSection(SolutionProperties) = preSolution
		HideSolutionNode = FALSE
	EndGlobalSection
	GlobalSection(ExtensibilityGlobals) = postSolution
		SolutionGuid = {427C2BFA-B5C8-4534-85DD-D0E59D9E1B73}
	EndGlobalSection
EndGlobal
